
Microsoft Visual Studio Solution File, Format Version 12.00
# Visual Studio Version 16
VisualStudioVersion = 16.0.30717.126
MinimumVisualStudioVersion = 10.0.40219.1
Project("{FAE04EC0-301F-11D3-BF4B-00C04F79EFBC}") = "CatCollarServer", "CatCollarServer\CatCollarServer.csproj", "{44618379-30B7-4927-9E6A-6C61B0370C7D}"
EndProject
Global
	GlobalSection(SolutionConfigurationPlatforms) = preSolution
		Debug|Any CPU = Debug|Any CPU
		Release|Any CPU = Release|Any CPU
	EndGlobalSection
	GlobalSection(ProjectConfigurationPlatforms) = postSolution
		{44618379-30B7-4927-9E6A-6C61B0370C7D}.Debug|Any CPU.ActiveCfg = Debug|Any CPU
		{44618379-30B7-4927-9E6A-6C61B0370C7D}.Debug|Any CPU.Build.0 = Debug|Any CPU
		{44618379-30B7-4927-9E6A-6C61B0370C7D}.Release|Any CPU.ActiveCfg = Release|Any CPU
		{44618379-30B7-4927-9E6A-6C61B0370C7D}.Release|Any CPU.Build.0 = Release|Any CPU
	EndGlobalSection
	GlobalSection(SolutionProperties) = preSolution
		HideSolutionNode = FALSE
	EndGlobalSection
	GlobalSection(ExtensibilityGlobals) = postSolution
		SolutionGuid = {B454EA43-1D7A-4A23-A669-7958C56768A7}
	EndGlobalSection
EndGlobal
